
Microsoft Visual Studio Solution File, Format Version 12.00
# Visual Studio 15
VisualStudioVersion = 15.0.27130.2003
MinimumVisualStudioVersion = 10.0.40219.1
Project("{FAE04EC0-301F-11D3-BF4B-00C04F79EFBC}") = "Patterns", "Patterns\Patterns.csproj", "{B562919D-638B-4463-A90A-74E3797BAF3F}"
EndProject
Global
	GlobalSection(SolutionConfigurationPlatforms) = preSolution
		Debug|Any CPU = Debug|Any CPU
		Release|Any CPU = Release|Any CPU
	EndGlobalSection
	GlobalSection(ProjectConfigurationPlatforms) = postSolution
		{B562919D-638B-4463-A90A-74E3797BAF3F}.Debug|Any CPU.ActiveCfg = Debug|Any CPU
		{B562919D-638B-4463-A90A-74E3797BAF3F}.Debug|Any CPU.Build.0 = Debug|Any CPU
		{B562919D-638B-4463-A90A-74E3797BAF3F}.Release|Any CPU.ActiveCfg = Release|Any CPU
		{B562919D-638B-4463-A90A-74E3797BAF3F}.Release|Any CPU.Build.0 = Release|Any CPU
	EndGlobalSection
	GlobalSection(SolutionProperties) = preSolution
		HideSolutionNode = FALSE
	EndGlobalSection
	GlobalSection(ExtensibilityGlobals) = postSolution
		SolutionGuid = {E6381694-33DB-43F4-9F12-36012AA37DE7}
	EndGlobalSection
EndGlobal
